// !$*UTF8*$!
{
	archiveVersion = 1;
	classes = {
	};
	objectVersion = 50;
	objects = {

/* Begin PBXBuildFile section */
		C2AF23B92646236000D58DD7 /* AppDelegate.swift in Sources */ = {isa = PBXBuildFile; fileRef = C2AF23B82646236000D58DD7 /* AppDelegate.swift */; };
		C2AF23BB2646236000D58DD7 /* SceneDelegate.swift in Sources */ = {isa = PBXBuildFile; fileRef = C2AF23BA2646236000D58DD7 /* SceneDelegate.swift */; };
		C2AF23BD2646236000D58DD7 /* ViewController.swift in Sources */ = {isa = PBXBuildFile; fileRef = C2AF23BC2646236000D58DD7 /* ViewController.swift */; };
		C2AF23C02646236000D58DD7 /* Main.storyboard in Resources */ = {isa = PBXBuildFile; fileRef = C2AF23BE2646236000D58DD7 /* Main.storyboard */; };
		C2AF23C22646236100D58DD7 /* Assets.xcassets in Resources */ = {isa = PBXBuildFile; fileRef = C2AF23C12646236100D58DD7 /* Assets.xcassets */; };
		C2AF23C52646236100D58DD7 /* LaunchScreen.storyboard in Resources */ = {isa = PBXBuildFile; fileRef = C2AF23C32646236100D58DD7 /* LaunchScreen.storyboard */; };
		C2AF23D12647845400D58DD7 /* GoodFirstViewController.swift in Sources */ = {isa = PBXBuildFile; fileRef = C2AF23D02647845400D58DD7 /* GoodFirstViewController.swift */; };
		C2AF23D42647846F00D58DD7 /* PunFirstViewController.swift in Sources */ = {isa = PBXBuildFile; fileRef = C2AF23D32647846F00D58DD7 /* PunFirstViewController.swift */; };
		C2AF23D72647848600D58DD7 /* DadFirstViewController.swift in Sources */ = {isa = PBXBuildFile; fileRef = C2AF23D62647848600D58DD7 /* DadFirstViewController.swift */; };
		C2AF23DA264786C900D58DD7 /* GoodViewController.swift in Sources */ = {isa = PBXBuildFile; fileRef = C2AF23D9264786C900D58DD7 /* GoodViewController.swift */; };
		C2AF23DD264786D500D58DD7 /* PunViewController.swift in Sources */ = {isa = PBXBuildFile; fileRef = C2AF23DC264786D500D58DD7 /* PunViewController.swift */; };
		C2AF23E0264786E100D58DD7 /* DadViewController.swift in Sources */ = {isa = PBXBuildFile; fileRef = C2AF23DF264786E100D58DD7 /* DadViewController.swift */; };
		C2AF23E3264786F700D58DD7 /* GoodSecondViewController.swift in Sources */ = {isa = PBXBuildFile; fileRef = C2AF23E2264786F700D58DD7 /* GoodSecondViewController.swift */; };
		C2AF23E6264786FF00D58DD7 /* PunSecondViewController.swift in Sources */ = {isa = PBXBuildFile; fileRef = C2AF23E5264786FF00D58DD7 /* PunSecondViewController.swift */; };
		C2AF23E92647870700D58DD7 /* DadSecondViewController.swift in Sources */ = {isa = PBXBuildFile; fileRef = C2AF23E82647870700D58DD7 /* DadSecondViewController.swift */; };
		C2AF23EC2647C48E00D58DD7 /* raw.png in Resources */ = {isa = PBXBuildFile; fileRef = C2AF23EB2647C48E00D58DD7 /* raw.png */; };
/* End PBXBuildFile section */

/* Begin PBXFileReference section */
		C2AF23B52646236000D58DD7 /* iKid.app */ = {isa = PBXFileReference; explicitFileType = wrapper.application; includeInIndex = 0; path = iKid.app; sourceTree = BUILT_PRODUCTS_DIR; };
		C2AF23B82646236000D58DD7 /* AppDelegate.swift */ = {isa = PBXFileReference; lastKnownFileType = sourcecode.swift; path = AppDelegate.swift; sourceTree = "<group>"; };
		C2AF23BA2646236000D58DD7 /* SceneDelegate.swift */ = {isa = PBXFileReference; lastKnownFileType = sourcecode.swift; path = SceneDelegate.swift; sourceTree = "<group>"; };
		C2AF23BC2646236000D58DD7 /* ViewController.swift */ = {isa = PBXFileReference; lastKnownFileType = sourcecode.swift; path = ViewController.swift; sourceTree = "<group>"; };
		C2AF23BF2646236000D58DD7 /* Base */ = {isa = PBXFileReference; lastKnownFileType = file.storyboard; name = Base; path = Base.lproj/Main.storyboard; sourceTree = "<group>"; };
		C2AF23C12646236100D58DD7 /* Assets.xcassets */ = {isa = PBXFileReference; lastKnownFileType = folder.assetcatalog; path = Assets.xcassets; sourceTree = "<group>"; };
		C2AF23C42646236100D58DD7 /* Base */ = {isa = PBXFileReference; lastKnownFileType = file.storyboard; name = Base; path = Base.lproj/LaunchScreen.storyboard; sourceTree = "<group>"; };
		C2AF23C62646236100D58DD7 /* Info.plist */ = {isa = PBXFileReference; lastKnownFileType = text.plist.xml; path = Info.plist; sourceTree = "<group>"; };
		C2AF23D02647845400D58DD7 /* GoodFirstViewController.swift */ = {isa = PBXFileReference; lastKnownFileType = sourcecode.swift; path = GoodFirstViewController.swift; sourceTree = "<group>"; };
		C2AF23D32647846F00D58DD7 /* PunFirstViewController.swift */ = {isa = PBXFileReference; lastKnownFileType = sourcecode.swift; path = PunFirstViewController.swift; sourceTree = "<group>"; };
		C2AF23D62647848600D58DD7 /* DadFirstViewController.swift */ = {isa = PBXFileReference; lastKnownFileType = sourcecode.swift; path = DadFirstViewController.swift; sourceTree = "<group>"; };
		C2AF23D9264786C900D58DD7 /* GoodViewController.swift */ = {isa = PBXFileReference; lastKnownFileType = sourcecode.swift; path = GoodViewController.swift; sourceTree = "<group>"; };
		C2AF23DC264786D500D58DD7 /* PunViewController.swift */ = {isa = PBXFileReference; lastKnownFileType = sourcecode.swift; path = PunViewController.swift; sourceTree = "<group>"; };
		C2AF23DF264786E100D58DD7 /* DadViewController.swift */ = {isa = PBXFileReference; lastKnownFileType = sourcecode.swift; path = DadViewController.swift; sourceTree = "<group>"; };
		C2AF23E2264786F700D58DD7 /* GoodSecondViewController.swift */ = {isa = PBXFileReference; lastKnownFileType = sourcecode.swift; path = GoodSecondViewController.swift; sourceTree = "<group>"; };
		C2AF23E5264786FF00D58DD7 /* PunSecondViewController.swift */ = {isa = PBXFileReference; lastKnownFileType = sourcecode.swift; path = PunSecondViewController.swift; sourceTree = "<group>"; };
		C2AF23E82647870700D58DD7 /* DadSecondViewController.swift */ = {isa = PBXFileReference; lastKnownFileType = sourcecode.swift; path = DadSecondViewController.swift; sourceTree = "<group>"; };
		C2AF23EB2647C48E00D58DD7 /* raw.png */ = {isa = PBXFileReference; lastKnownFileType = image.png; path = raw.png; sourceTree = "<group>"; };
/* End PBXFileReference section */

/* Begin PBXFrameworksBuildPhase section */
		C2AF23B22646236000D58DD7 /* Frameworks */ = {
			isa = PBXFrameworksBuildPhase;
			buildActionMask = 2147483647;
			files = (
			);
			runOnlyForDeploymentPostprocessing = 0;
		};
/* End PBXFrameworksBuildPhase section */

/* Begin PBXGroup section */
		C2AF23AC2646236000D58DD7 = {
			isa = PBXGroup;
			children = (
				C2AF23B72646236000D58DD7 /* iKid */,
				C2AF23B62646236000D58DD7 /* Products */,
			);
			sourceTree = "<group>";
		};
		C2AF23B62646236000D58DD7 /* Products */ = {
			isa = PBXGroup;
			children = (
				C2AF23B52646236000D58DD7 /* iKid.app */,
			);
			name = Products;
			sourceTree = "<group>";
		};
		C2AF23B72646236000D58DD7 /* iKid */ = {
			isa = PBXGroup;
			children = (
				C2AF23B82646236000D58DD7 /* AppDelegate.swift */,
				C2AF23BA2646236000D58DD7 /* SceneDelegate.swift */,
				C2AF23BC2646236000D58DD7 /* ViewController.swift */,
				C2AF23BE2646236000D58DD7 /* Main.storyboard */,
				C2AF23D9264786C900D58DD7 /* GoodViewController.swift */,
				C2AF23DC264786D500D58DD7 /* PunViewController.swift */,
				C2AF23DF264786E100D58DD7 /* DadViewController.swift */,
				C2AF23E2264786F700D58DD7 /* GoodSecondViewController.swift */,
				C2AF23E5264786FF00D58DD7 /* PunSecondViewController.swift */,
				C2AF23E82647870700D58DD7 /* DadSecondViewController.swift */,
				C2AF23D32647846F00D58DD7 /* PunFirstViewController.swift */,
				C2AF23EB2647C48E00D58DD7 /* raw.png */,
				C2AF23D62647848600D58DD7 /* DadFirstViewController.swift */,
				C2AF23D02647845400D58DD7 /* GoodFirstViewController.swift */,
				C2AF23C12646236100D58DD7 /* Assets.xcassets */,
				C2AF23C32646236100D58DD7 /* LaunchScreen.storyboard */,
				C2AF23C62646236100D58DD7 /* Info.plist */,
			);
			path = iKid;
			sourceTree = "<group>";
		};
/* End PBXGroup section */

/* Begin PBXNativeTarget section */
		C2AF23B42646236000D58DD7 /* iKid */ = {
			isa = PBXNativeTarget;
			buildConfigurationList = C2AF23C92646236100D58DD7 /* Build configuration list for PBXNativeTarget "iKid" */;
			buildPhases = (
				C2AF23B12646236000D58DD7 /* Sources */,
				C2AF23B22646236000D58DD7 /* Frameworks */,
				C2AF23B32646236000D58DD7 /* Resources */,
			);
			buildRules = (
			);
			dependencies = (
			);
			name = iKid;
			productName = iKid;
			productReference = C2AF23B52646236000D58DD7 /* iKid.app */;
			productType = "com.apple.product-type.application";
		};
/* End PBXNativeTarget section */

/* Begin PBXProject section */
		C2AF23AD2646236000D58DD7 /* Project object */ = {
			isa = PBXProject;
			attributes = {
				LastSwiftUpdateCheck = 1240;
				LastUpgradeCheck = 1240;
				TargetAttributes = {
					C2AF23B42646236000D58DD7 = {
						CreatedOnToolsVersion = 12.4;
					};
				};
			};
			buildConfigurationList = C2AF23B02646236000D58DD7 /* Build configuration list for PBXProject "iKid" */;
			compatibilityVersion = "Xcode 9.3";
			developmentRegion = en;
			hasScannedForEncodings = 0;
			knownRegions = (
				en,
				Base,
			);
			mainGroup = C2AF23AC2646236000D58DD7;
			productRefGroup = C2AF23B62646236000D58DD7 /* Products */;
			projectDirPath = "";
			projectRoot = "";
			targets = (
				C2AF23B42646236000D58DD7 /* iKid */,
			);
		};
/* End PBXProject section */

/* Begin PBXResourcesBuildPhase section */
		C2AF23B32646236000D58DD7 /* Resources */ = {
			isa = PBXResourcesBuildPhase;
			buildActionMask = 2147483647;
			files = (
				C2AF23EC2647C48E00D58DD7 /* raw.png in Resources */,
				C2AF23C52646236100D58DD7 /* LaunchScreen.storyboard in Resources */,
				C2AF23C22646236100D58DD7 /* Assets.xcassets in Resources */,
				C2AF23C02646236000D58DD7 /* Main.storyboard in Resources */,
			);
			runOnlyForDeploymentPostprocessing = 0;
		};
/* End PBXResourcesBuildPhase section */

/* Begin PBXSourcesBuildPhase section */
		C2AF23B12646236000D58DD7 /* Sources */ = {
			isa = PBXSourcesBuildPhase;
			buildActionMask = 2147483647;
			files = (
				C2AF23E92647870700D58DD7 /* DadSecondViewController.swift in Sources */,
				C2AF23E6264786FF00D58DD7 /* PunSecondViewController.swift in Sources */,
				C2AF23D12647845400D58DD7 /* GoodFirstViewController.swift in Sources */,
				C2AF23E3264786F700D58DD7 /* GoodSecondViewController.swift in Sources */,
				C2AF23D72647848600D58DD7 /* DadFirstViewController.swift in Sources */,
				C2AF23D42647846F00D58DD7 /* PunFirstViewController.swift in Sources */,
				C2AF23BD2646236000D58DD7 /* ViewController.swift in Sources */,
				C2AF23DD264786D500D58DD7 /* PunViewController.swift in Sources */,
				C2AF23B92646236000D58DD7 /* AppDelegate.swift in Sources */,
				C2AF23BB2646236000D58DD7 /* SceneDelegate.swift in Sources */,
				C2AF23E0264786E100D58DD7 /* DadViewController.swift in Sources */,
				C2AF23DA264786C900D58DD7 /* GoodViewController.swift in Sources */,
			);
			runOnlyForDeploymentPostprocessing = 0;
		};
/* End PBXSourcesBuildPhase section */

/* Begin PBXVariantGroup section */
		C2AF23BE2646236000D58DD7 /* Main.storyboard */ = {
			isa = PBXVariantGroup;
			children = (
				C2AF23BF2646236000D58DD7 /* Base */,
			);
			name = Main.storyboard;
			sourceTree = "<group>";
		};
		C2AF23C32646236100D58DD7 /* LaunchScreen.storyboard */ = {
			isa = PBXVariantGroup;
			children = (
				C2AF23C42646236100D58DD7 /* Base */,
			);
			name = LaunchScreen.storyboard;
			sourceTree = "<group>";
		};
/* End PBXVariantGroup section */

/* Begin XCBuildConfiguration section */
		C2AF23C72646236100D58DD7 /* Debug */ = {
			isa = XCBuildConfiguration;
			buildSettings = {
				ALWAYS_SEARCH_USER_PATHS = NO;
				CLANG_ANALYZER_NONNULL = YES;
				CLANG_ANALYZER_NUMBER_OBJECT_CONVERSION = YES_AGGRESSIVE;
				CLANG_CXX_LANGUAGE_STANDARD = "gnu++14";
				CLANG_CXX_LIBRARY = "libc++";
				CLANG_ENABLE_MODULES = YES;
				CLANG_ENABLE_OBJC_ARC = YES;
				CLANG_ENABLE_OBJC_WEAK = YES;
				CLANG_WARN_BLOCK_CAPTURE_AUTORELEASING = YES;
				CLANG_WARN_BOOL_CONVERSION = YES;
				CLANG_WARN_COMMA = YES;
				CLANG_WARN_CONSTANT_CONVERSION = YES;
				CLANG_WARN_DEPRECATED_OBJC_IMPLEMENTATIONS = YES;
				CLANG_WARN_DIRECT_OBJC_ISA_USAGE = YES_ERROR;
				CLANG_WARN_DOCUMENTATION_COMMENTS = YES;
				CLANG_WARN_EMPTY_BODY = YES;
				CLANG_WARN_ENUM_CONVERSION = YES;
				CLANG_WARN_INFINITE_RECURSION = YES;
				CLANG_WARN_INT_CONVERSION = YES;
				CLANG_WARN_NON_LITERAL_NULL_CONVERSION = YES;
				CLANG_WARN_OBJC_IMPLICIT_RETAIN_SELF = YES;
				CLANG_WARN_OBJC_LITERAL_CONVERSION = YES;
				CLANG_WARN_OBJC_ROOT_CLASS = YES_ERROR;
				CLANG_WARN_QUOTED_INCLUDE_IN_FRAMEWORK_HEADER = YES;
				CLANG_WARN_RANGE_LOOP_ANALYSIS = YES;
				CLANG_WARN_STRICT_PROTOTYPES = YES;
				CLANG_WARN_SUSPICIOUS_MOVE = YES;
				CLANG_WARN_UNGUARDED_AVAILABILITY = YES_AGGRESSIVE;
				CLANG_WARN_UNREACHABLE_CODE = YES;
				CLANG_WARN__DUPLICATE_METHOD_MATCH = YES;
				COPY_PHASE_STRIP = NO;
				DEBUG_INFORMATION_FORMAT = dwarf;
				ENABLE_STRICT_OBJC_MSGSEND = YES;
				ENABLE_TESTABILITY = YES;
				GCC_C_LANGUAGE_STANDARD = gnu11;
				GCC_DYNAMIC_NO_PIC = NO;
				GCC_NO_COMMON_BLOCKS = YES;
				GCC_OPTIMIZATION_LEVEL = 0;
				GCC_PREPROCESSOR_DEFINITIONS = (
					"DEBUG=1",
					"$(inherited)",
				);
				GCC_WARN_64_TO_32_BIT_CONVERSION = YES;
				GCC_WARN_ABOUT_RETURN_TYPE = YES_ERROR;
				GCC_WARN_UNDECLARED_SELECTOR = YES;
				GCC_WARN_UNINITIALIZED_AUTOS = YES_AGGRESSIVE;
				GCC_WARN_UNUSED_FUNCTION = YES;
				GCC_WARN_UNUSED_VARIABLE = YES;
				IPHONEOS_DEPLOYMENT_TARGET = 14.4;
				MTL_ENABLE_DEBUG_INFO = INCLUDE_SOURCE;
				MTL_FAST_MATH = YES;
				ONLY_ACTIVE_ARCH = YES;
				SDKROOT = iphoneos;
				SWIFT_ACTIVE_COMPILATION_CONDITIONS = DEBUG;
				SWIFT_OPTIMIZATION_LEVEL = "-Onone";
			};
			name = Debug;
		};
		C2AF23C82646236100D58DD7 /* Release */ = {
			isa = XCBuildConfiguration;
			buildSettings = {
				ALWAYS_SEARCH_USER_PATHS = NO;
				CLANG_ANALYZER_NONNULL = YES;
				CLANG_ANALYZER_NUMBER_OBJECT_CONVERSION = YES_AGGRESSIVE;
				CLANG_CXX_LANGUAGE_STANDARD = "gnu++14";
				CLANG_CXX_LIBRARY = "libc++";
				CLANG_ENABLE_MODULES = YES;
				CLANG_ENABLE_OBJC_ARC = YES;
				CLANG_ENABLE_OBJC_WEAK = YES;
				CLANG_WARN_BLOCK_CAPTURE_AUTORELEASING = YES;
				CLANG_WARN_BOOL_CONVERSION = YES;
				CLANG_WARN_COMMA = YES;
				CLANG_WARN_CONSTANT_CONVERSION = YES;
				CLANG_WARN_DEPRECATED_OBJC_IMPLEMENTATIONS = YES;
				CLANG_WARN_DIRECT_OBJC_ISA_USAGE = YES_ERROR;
				CLANG_WARN_DOCUMENTATION_COMMENTS = YES;
				CLANG_WARN_EMPTY_BODY = YES;
				CLANG_WARN_ENUM_CONVERSION = YES;
				CLANG_WARN_INFINITE_RECURSION = YES;
				CLANG_WARN_INT_CONVERSION = YES;
				CLANG_WARN_NON_LITERAL_NULL_CONVERSION = YES;
				CLANG_WARN_OBJC_IMPLICIT_RETAIN_SELF = YES;
				CLANG_WARN_OBJC_LITERAL_CONVERSION = YES;
				CLANG_WARN_OBJC_ROOT_CLASS = YES_ERROR;
				CLANG_WARN_QUOTED_INCLUDE_IN_FRAMEWORK_HEADER = YES;
				CLANG_WARN_RANGE_LOOP_ANALYSIS = YES;
				CLANG_WARN_STRICT_PROTOTYPES = YES;
				CLANG_WARN_SUSPICIOUS_MOVE = YES;
				CLANG_WARN_UNGUARDED_AVAILABILITY = YES_AGGRESSIVE;
				CLANG_WARN_UNREACHABLE_CODE = YES;
				CLANG_WARN__DUPLICATE_METHOD_MATCH = YES;
				COPY_PHASE_STRIP = NO;
				DEBUG_INFORMATION_FORMAT = "dwarf-with-dsym";
				ENABLE_NS_ASSERTIONS = NO;
				ENABLE_STRICT_OBJC_MSGSEND = YES;
				GCC_C_LANGUAGE_STANDARD = gnu11;
				GCC_NO_COMMON_BLOCKS = YES;
				GCC_WARN_64_TO_32_BIT_CONVERSION = YES;
				GCC_WARN_ABOUT_RETURN_TYPE = YES_ERROR;
				GCC_WARN_UNDECLARED_SELECTOR = YES;
				GCC_WARN_UNINITIALIZED_AUTOS = YES_AGGRESSIVE;
				GCC_WARN_UNUSED_FUNCTION = YES;
				GCC_WARN_UNUSED_VARIABLE = YES;
				IPHONEOS_DEPLOYMENT_TARGET = 14.4;
				MTL_ENABLE_DEBUG_INFO = NO;
				MTL_FAST_MATH = YES;
				SDKROOT = iphoneos;
				SWIFT_COMPILATION_MODE = wholemodule;
				SWIFT_OPTIMIZATION_LEVEL = "-O";
				VALIDATE_PRODUCT = YES;
			};
			name = Release;
		};
		C2AF23CA2646236100D58DD7 /* Debug */ = {
			isa = XCBuildConfiguration;
			buildSettings = {
				ASSETCATALOG_COMPILER_APPICON_NAME = AppIcon;
				ASSETCATALOG_COMPILER_GLOBAL_ACCENT_COLOR_NAME = AccentColor;
				CODE_SIGN_STYLE = Automatic;
				DEVELOPMENT_TEAM = F4M8M3YQ9X;
				INFOPLIST_FILE = iKid/Info.plist;
				LD_RUNPATH_SEARCH_PATHS = (
					"$(inherited)",
					"@executable_path/Frameworks",
				);
				PRODUCT_BUNDLE_IDENTIFIER = "Divij-Satija.iKid";
				PRODUCT_NAME = "$(TARGET_NAME)";
				SWIFT_VERSION = 5.0;
				TARGETED_DEVICE_FAMILY = "1,2";
			};
			name = Debug;
		};
		C2AF23CB2646236100D58DD7 /* Release */ = {
			isa = XCBuildConfiguration;
			buildSettings = {
				ASSETCATALOG_COMPILER_APPICON_NAME = AppIcon;
				ASSETCATALOG_COMPILER_GLOBAL_ACCENT_COLOR_NAME = AccentColor;
				CODE_SIGN_STYLE = Automatic;
				DEVELOPMENT_TEAM = F4M8M3YQ9X;
				INFOPLIST_FILE = iKid/Info.plist;
				LD_RUNPATH_SEARCH_PATHS = (
					"$(inherited)",
					"@executable_path/Frameworks",
				);
				PRODUCT_BUNDLE_IDENTIFIER = "Divij-Satija.iKid";
				PRODUCT_NAME = "$(TARGET_NAME)";
				SWIFT_VERSION = 5.0;
				TARGETED_DEVICE_FAMILY = "1,2";
			};
			name = Release;
		};
/* End XCBuildConfiguration section */

/* Begin XCConfigurationList section */
		C2AF23B02646236000D58DD7 /* Build configuration list for PBXProject "iKid" */ = {
			isa = XCConfigurationList;
			buildConfigurations = (
				C2AF23C72646236100D58DD7 /* Debug */,
				C2AF23C82646236100D58DD7 /* Release */,
			);
			defaultConfigurationIsVisible = 0;
			defaultConfigurationName = Release;
		};
		C2AF23C92646236100D58DD7 /* Build configuration list for PBXNativeTarget "iKid" */ = {
			isa = XCConfigurationList;
			buildConfigurations = (
				C2AF23CA2646236100D58DD7 /* Debug */,
				C2AF23CB2646236100D58DD7 /* Release */,
			);
			defaultConfigurationIsVisible = 0;
			defaultConfigurationName = Release;
		};
/* End XCConfigurationList section */
	};
	rootObject = C2AF23AD2646236000D58DD7 /* Project object */;
}
